
Microsoft Visual Studio Solution File, Format Version 12.00
# Visual Studio Version 17
VisualStudioVersion = 17.3.32611.2
MinimumVisualStudioVersion = 10.0.40219.1
Project("{9A19103F-16F7-4668-BE54-9A1E7A4F7556}") = "SBEU.Gramm.Api", "SBEU.Gramm\SBEU.Gramm.Api\SBEU.Gramm.Api.csproj", "{781AD4A8-9F27-4CB5-AC7A-48105FB1FEC4}"
EndProject
Project("{9A19103F-16F7-4668-BE54-9A1E7A4F7556}") = "SBEU.Gramm.DataLayer", "SBEU.Gramm\SBEU.Gramm.DataLayer\SBEU.Gramm.DataLayer.csproj", "{93AD8078-F6B5-4065-AA08-CF7E0C9AF9DA}"
EndProject
Project("{9A19103F-16F7-4668-BE54-9A1E7A4F7556}") = "SBEU.Gramm.Models", "SBEU.Gramm\SBEU.Gramm.Models\SBEU.Gramm.Models.csproj", "{4E55F0FC-B5B0-431D-9990-13FBF33BD56E}"
EndProject
Project("{9A19103F-16F7-4668-BE54-9A1E7A4F7556}") = "SBEU.Gramm.Middleware", "SBEU.Gramm.Middleware\SBEU.Gramm.Middleware.csproj", "{C834747A-85FC-4CAF-89CE-A65AB12972C4}"
EndProject
Project("{9A19103F-16F7-4668-BE54-9A1E7A4F7556}") = "SBEU.Gramm.Subscription", "SBEU.Gramm.Subscription\SBEU.Gramm.Subscription.csproj", "{99AD2982-587C-45B1-84E4-A0373BE279B1}"
EndProject
Global
	GlobalSection(SolutionConfigurationPlatforms) = preSolution
		Debug|Any CPU = Debug|Any CPU
		Release|Any CPU = Release|Any CPU
	EndGlobalSection
	GlobalSection(ProjectConfigurationPlatforms) = postSolution
		{781AD4A8-9F27-4CB5-AC7A-48105FB1FEC4}.Debug|Any CPU.ActiveCfg = Debug|Any CPU
		{781AD4A8-9F27-4CB5-AC7A-48105FB1FEC4}.Debug|Any CPU.Build.0 = Debug|Any CPU
		{781AD4A8-9F27-4CB5-AC7A-48105FB1FEC4}.Release|Any CPU.ActiveCfg = Release|Any CPU
		{781AD4A8-9F27-4CB5-AC7A-48105FB1FEC4}.Release|Any CPU.Build.0 = Release|Any CPU
		{93AD8078-F6B5-4065-AA08-CF7E0C9AF9DA}.Debug|Any CPU.ActiveCfg = Debug|Any CPU
		{93AD8078-F6B5-4065-AA08-CF7E0C9AF9DA}.Debug|Any CPU.Build.0 = Debug|Any CPU
		{93AD8078-F6B5-4065-AA08-CF7E0C9AF9DA}.Release|Any CPU.ActiveCfg = Release|Any CPU
		{93AD8078-F6B5-4065-AA08-CF7E0C9AF9DA}.Release|Any CPU.Build.0 = Release|Any CPU
		{4E55F0FC-B5B0-431D-9990-13FBF33BD56E}.Debug|Any CPU.ActiveCfg = Debug|Any CPU
		{4E55F0FC-B5B0-431D-9990-13FBF33BD56E}.Debug|Any CPU.Build.0 = Debug|Any CPU
		{4E55F0FC-B5B0-431D-9990-13FBF33BD56E}.Release|Any CPU.ActiveCfg = Release|Any CPU
		{4E55F0FC-B5B0-431D-9990-13FBF33BD56E}.Release|Any CPU.Build.0 = Release|Any CPU
		{C834747A-85FC-4CAF-89CE-A65AB12972C4}.Debug|Any CPU.ActiveCfg = Debug|Any CPU
		{C834747A-85FC-4CAF-89CE-A65AB12972C4}.Debug|Any CPU.Build.0 = Debug|Any CPU
		{C834747A-85FC-4CAF-89CE-A65AB12972C4}.Release|Any CPU.ActiveCfg = Release|Any CPU
		{C834747A-85FC-4CAF-89CE-A65AB12972C4}.Release|Any CPU.Build.0 = Release|Any CPU
		{99AD2982-587C-45B1-84E4-A0373BE279B1}.Debug|Any CPU.ActiveCfg = Debug|Any CPU
		{99AD2982-587C-45B1-84E4-A0373BE279B1}.Debug|Any CPU.Build.0 = Debug|Any CPU
		{99AD2982-587C-45B1-84E4-A0373BE279B1}.Release|Any CPU.ActiveCfg = Release|Any CPU
		{99AD2982-587C-45B1-84E4-A0373BE279B1}.Release|Any CPU.Build.0 = Release|Any CPU
	EndGlobalSection
	GlobalSection(SolutionProperties) = preSolution
		HideSolutionNode = FALSE
	EndGlobalSection
	GlobalSection(ExtensibilityGlobals) = postSolution
		SolutionGuid = {EDFE24FC-CF10-4F2F-A4BA-143ACFB7273D}
	EndGlobalSection
EndGlobal
